// !$*UTF8*$!
{
	archiveVersion = 1;
	classes = {
	};
	objectVersion = 50;
	objects = {

/* Begin PBXBuildFile section */
		734A6B31243A5F7500765F08 /* AppDelegate.swift in Sources */ = {isa = PBXBuildFile; fileRef = 734A6B30243A5F7500765F08 /* AppDelegate.swift */; };
		734A6B33243A5F7500765F08 /* SceneDelegate.swift in Sources */ = {isa = PBXBuildFile; fileRef = 734A6B32243A5F7500765F08 /* SceneDelegate.swift */; };
		734A6B35243A5F7500765F08 /* ViewController.swift in Sources */ = {isa = PBXBuildFile; fileRef = 734A6B34243A5F7500765F08 /* ViewController.swift */; };
		734A6B38243A5F7500765F08 /* Main.storyboard in Resources */ = {isa = PBXBuildFile; fileRef = 734A6B36243A5F7500765F08 /* Main.storyboard */; };
		734A6B3A243A5F7600765F08 /* Assets.xcassets in Resources */ = {isa = PBXBuildFile; fileRef = 734A6B39243A5F7600765F08 /* Assets.xcassets */; };
		734A6B3D243A5F7600765F08 /* LaunchScreen.storyboard in Resources */ = {isa = PBXBuildFile; fileRef = 734A6B3B243A5F7600765F08 /* LaunchScreen.storyboard */; };
		734A6B48243A5F7600765F08 /* JobATests.swift in Sources */ = {isa = PBXBuildFile; fileRef = 734A6B47243A5F7600765F08 /* JobATests.swift */; };
/* End PBXBuildFile section */

/* Begin PBXContainerItemProxy section */
		734A6B44243A5F7600765F08 /* PBXContainerItemProxy */ = {
			isa = PBXContainerItemProxy;
			containerPortal = 734A6B25243A5F7500765F08 /* Project object */;
			proxyType = 1;
			remoteGlobalIDString = 734A6B2C243A5F7500765F08;
			remoteInfo = JobA;
		};
/* End PBXContainerItemProxy section */

/* Begin PBXFileReference section */
		734A6B2D243A5F7500765F08 /* JobA.app */ = {isa = PBXFileReference; explicitFileType = wrapper.application; includeInIndex = 0; path = JobA.app; sourceTree = BUILT_PRODUCTS_DIR; };
		734A6B30243A5F7500765F08 /* AppDelegate.swift */ = {isa = PBXFileReference; lastKnownFileType = sourcecode.swift; path = AppDelegate.swift; sourceTree = "<group>"; };
		734A6B32243A5F7500765F08 /* SceneDelegate.swift */ = {isa = PBXFileReference; lastKnownFileType = sourcecode.swift; path = SceneDelegate.swift; sourceTree = "<group>"; };
		734A6B34243A5F7500765F08 /* ViewController.swift */ = {isa = PBXFileReference; lastKnownFileType = sourcecode.swift; path = ViewController.swift; sourceTree = "<group>"; };
		734A6B37243A5F7500765F08 /* Base */ = {isa = PBXFileReference; lastKnownFileType = file.storyboard; name = Base; path = Base.lproj/Main.storyboard; sourceTree = "<group>"; };
		734A6B39243A5F7600765F08 /* Assets.xcassets */ = {isa = PBXFileReference; lastKnownFileType = folder.assetcatalog; path = Assets.xcassets; sourceTree = "<group>"; };
		734A6B3C243A5F7600765F08 /* Base */ = {isa = PBXFileReference; lastKnownFileType = file.storyboard; name = Base; path = Base.lproj/LaunchScreen.storyboard; sourceTree = "<group>"; };
		734A6B3E243A5F7600765F08 /* Info.plist */ = {isa = PBXFileReference; lastKnownFileType = text.plist.xml; path = Info.plist; sourceTree = "<group>"; };
		734A6B43243A5F7600765F08 /* JobATests.xctest */ = {isa = PBXFileReference; explicitFileType = wrapper.cfbundle; includeInIndex = 0; path = JobATests.xctest; sourceTree = BUILT_PRODUCTS_DIR; };
		734A6B47243A5F7600765F08 /* JobATests.swift */ = {isa = PBXFileReference; lastKnownFileType = sourcecode.swift; path = JobATests.swift; sourceTree = "<group>"; };
		734A6B49243A5F7600765F08 /* Info.plist */ = {isa = PBXFileReference; lastKnownFileType = text.plist.xml; path = Info.plist; sourceTree = "<group>"; };
/* End PBXFileReference section */

/* Begin PBXFrameworksBuildPhase section */
		734A6B2A243A5F7500765F08 /* Frameworks */ = {
			isa = PBXFrameworksBuildPhase;
			buildActionMask = 2147483647;
			files = (
			);
			runOnlyForDeploymentPostprocessing = 0;
		};
		734A6B40243A5F7600765F08 /* Frameworks */ = {
			isa = PBXFrameworksBuildPhase;
			buildActionMask = 2147483647;
			files = (
			);
			runOnlyForDeploymentPostprocessing = 0;
		};
/* End PBXFrameworksBuildPhase section */

/* Begin PBXGroup section */
		734A6B24243A5F7500765F08 = {
			isa = PBXGroup;
			children = (
				734A6B2F243A5F7500765F08 /* JobA */,
				734A6B46243A5F7600765F08 /* JobATests */,
				734A6B2E243A5F7500765F08 /* Products */,
			);
			sourceTree = "<group>";
		};
		734A6B2E243A5F7500765F08 /* Products */ = {
			isa = PBXGroup;
			children = (
				734A6B2D243A5F7500765F08 /* JobA.app */,
				734A6B43243A5F7600765F08 /* JobATests.xctest */,
			);
			name = Products;
			sourceTree = "<group>";
		};
		734A6B2F243A5F7500765F08 /* JobA */ = {
			isa = PBXGroup;
			children = (
				734A6B30243A5F7500765F08 /* AppDelegate.swift */,
				734A6B32243A5F7500765F08 /* SceneDelegate.swift */,
				734A6B34243A5F7500765F08 /* ViewController.swift */,
				734A6B36243A5F7500765F08 /* Main.storyboard */,
				734A6B39243A5F7600765F08 /* Assets.xcassets */,
				734A6B3B243A5F7600765F08 /* LaunchScreen.storyboard */,
				734A6B3E243A5F7600765F08 /* Info.plist */,
			);
			path = JobA;
			sourceTree = "<group>";
		};
		734A6B46243A5F7600765F08 /* JobATests */ = {
			isa = PBXGroup;
			children = (
				734A6B47243A5F7600765F08 /* JobATests.swift */,
				734A6B49243A5F7600765F08 /* Info.plist */,
			);
			path = JobATests;
			sourceTree = "<group>";
		};
/* End PBXGroup section */

/* Begin PBXNativeTarget section */
		734A6B2C243A5F7500765F08 /* JobA */ = {
			isa = PBXNativeTarget;
			buildConfigurationList = 734A6B4C243A5F7600765F08 /* Build configuration list for PBXNativeTarget "JobA" */;
			buildPhases = (
				734A6B29243A5F7500765F08 /* Sources */,
				734A6B2A243A5F7500765F08 /* Frameworks */,
				734A6B2B243A5F7500765F08 /* Resources */,
			);
			buildRules = (
			);
			dependencies = (
			);
			name = JobA;
			productName = JobA;
			productReference = 734A6B2D243A5F7500765F08 /* JobA.app */;
			productType = "com.apple.product-type.application";
		};
		734A6B42243A5F7600765F08 /* JobATests */ = {
			isa = PBXNativeTarget;
			buildConfigurationList = 734A6B4F243A5F7600765F08 /* Build configuration list for PBXNativeTarget "JobATests" */;
			buildPhases = (
				734A6B3F243A5F7600765F08 /* Sources */,
				734A6B40243A5F7600765F08 /* Frameworks */,
				734A6B41243A5F7600765F08 /* Resources */,
			);
			buildRules = (
			);
			dependencies = (
				734A6B45243A5F7600765F08 /* PBXTargetDependency */,
			);
			name = JobATests;
			productName = JobATests;
			productReference = 734A6B43243A5F7600765F08 /* JobATests.xctest */;
			productType = "com.apple.product-type.bundle.unit-test";
		};
/* End PBXNativeTarget section */

/* Begin PBXProject section */
		734A6B25243A5F7500765F08 /* Project object */ = {
			isa = PBXProject;
			attributes = {
				LastSwiftUpdateCheck = 1140;
				LastUpgradeCheck = 1140;
				ORGANIZATIONNAME = "Slava Gubar";
				TargetAttributes = {
					734A6B2C243A5F7500765F08 = {
						CreatedOnToolsVersion = 11.4;
					};
					734A6B42243A5F7600765F08 = {
						CreatedOnToolsVersion = 11.4;
						TestTargetID = 734A6B2C243A5F7500765F08;
					};
				};
			};
			buildConfigurationList = 734A6B28243A5F7500765F08 /* Build configuration list for PBXProject "JobA" */;
			compatibilityVersion = "Xcode 9.3";
			developmentRegion = en;
			hasScannedForEncodings = 0;
			knownRegions = (
				en,
				Base,
			);
			mainGroup = 734A6B24243A5F7500765F08;
			productRefGroup = 734A6B2E243A5F7500765F08 /* Products */;
			projectDirPath = "";
			projectRoot = "";
			targets = (
				734A6B2C243A5F7500765F08 /* JobA */,
				734A6B42243A5F7600765F08 /* JobATests */,
			);
		};
/* End PBXProject section */

/* Begin PBXResourcesBuildPhase section */
		734A6B2B243A5F7500765F08 /* Resources */ = {
			isa = PBXResourcesBuildPhase;
			buildActionMask = 2147483647;
			files = (
				734A6B3D243A5F7600765F08 /* LaunchScreen.storyboard in Resources */,
				734A6B3A243A5F7600765F08 /* Assets.xcassets in Resources */,
				734A6B38243A5F7500765F08 /* Main.storyboard in Resources */,
			);
			runOnlyForDeploymentPostprocessing = 0;
		};
		734A6B41243A5F7600765F08 /* Resources */ = {
			isa = PBXResourcesBuildPhase;
			buildActionMask = 2147483647;
			files = (
			);
			runOnlyForDeploymentPostprocessing = 0;
		};
/* End PBXResourcesBuildPhase section */

/* Begin PBXSourcesBuildPhase section */
		734A6B29243A5F7500765F08 /* Sources */ = {
			isa = PBXSourcesBuildPhase;
			buildActionMask = 2147483647;
			files = (
				734A6B35243A5F7500765F08 /* ViewController.swift in Sources */,
				734A6B31243A5F7500765F08 /* AppDelegate.swift in Sources */,
				734A6B33243A5F7500765F08 /* SceneDelegate.swift in Sources */,
			);
			runOnlyForDeploymentPostprocessing = 0;
		};
		734A6B3F243A5F7600765F08 /* Sources */ = {
			isa = PBXSourcesBuildPhase;
			buildActionMask = 2147483647;
			files = (
				734A6B48243A5F7600765F08 /* JobATests.swift in Sources */,
			);
			runOnlyForDeploymentPostprocessing = 0;
		};
/* End PBXSourcesBuildPhase section */

/* Begin PBXTargetDependency section */
		734A6B45243A5F7600765F08 /* PBXTargetDependency */ = {
			isa = PBXTargetDependency;
			target = 734A6B2C243A5F7500765F08 /* JobA */;
			targetProxy = 734A6B44243A5F7600765F08 /* PBXContainerItemProxy */;
		};
/* End PBXTargetDependency section */

/* Begin PBXVariantGroup section */
		734A6B36243A5F7500765F08 /* Main.storyboard */ = {
			isa = PBXVariantGroup;
			children = (
				734A6B37243A5F7500765F08 /* Base */,
			);
			name = Main.storyboard;
			sourceTree = "<group>";
		};
		734A6B3B243A5F7600765F08 /* LaunchScreen.storyboard */ = {
			isa = PBXVariantGroup;
			children = (
				734A6B3C243A5F7600765F08 /* Base */,
			);
			name = LaunchScreen.storyboard;
			sourceTree = "<group>";
		};
/* End PBXVariantGroup section */

/* Begin XCBuildConfiguration section */
		734A6B4A243A5F7600765F08 /* Debug */ = {
			isa = XCBuildConfiguration;
			buildSettings = {
				ALWAYS_SEARCH_USER_PATHS = NO;
				CLANG_ANALYZER_NONNULL = YES;
				CLANG_ANALYZER_NUMBER_OBJECT_CONVERSION = YES_AGGRESSIVE;
				CLANG_CXX_LANGUAGE_STANDARD = "gnu++14";
				CLANG_CXX_LIBRARY = "libc++";
				CLANG_ENABLE_MODULES = YES;
				CLANG_ENABLE_OBJC_ARC = YES;
				CLANG_ENABLE_OBJC_WEAK = YES;
				CLANG_WARN_BLOCK_CAPTURE_AUTORELEASING = YES;
				CLANG_WARN_BOOL_CONVERSION = YES;
				CLANG_WARN_COMMA = YES;
				CLANG_WARN_CONSTANT_CONVERSION = YES;
				CLANG_WARN_DEPRECATED_OBJC_IMPLEMENTATIONS = YES;
				CLANG_WARN_DIRECT_OBJC_ISA_USAGE = YES_ERROR;
				CLANG_WARN_DOCUMENTATION_COMMENTS = YES;
				CLANG_WARN_EMPTY_BODY = YES;
				CLANG_WARN_ENUM_CONVERSION = YES;
				CLANG_WARN_INFINITE_RECURSION = YES;
				CLANG_WARN_INT_CONVERSION = YES;
				CLANG_WARN_NON_LITERAL_NULL_CONVERSION = YES;
				CLANG_WARN_OBJC_IMPLICIT_RETAIN_SELF = YES;
				CLANG_WARN_OBJC_LITERAL_CONVERSION = YES;
				CLANG_WARN_OBJC_ROOT_CLASS = YES_ERROR;
				CLANG_WARN_RANGE_LOOP_ANALYSIS = YES;
				CLANG_WARN_STRICT_PROTOTYPES = YES;
				CLANG_WARN_SUSPICIOUS_MOVE = YES;
				CLANG_WARN_UNGUARDED_AVAILABILITY = YES_AGGRESSIVE;
				CLANG_WARN_UNREACHABLE_CODE = YES;
				CLANG_WARN__DUPLICATE_METHOD_MATCH = YES;
				COPY_PHASE_STRIP = NO;
				DEBUG_INFORMATION_FORMAT = dwarf;
				ENABLE_STRICT_OBJC_MSGSEND = YES;
				ENABLE_TESTABILITY = YES;
				GCC_C_LANGUAGE_STANDARD = gnu11;
				GCC_DYNAMIC_NO_PIC = NO;
				GCC_NO_COMMON_BLOCKS = YES;
				GCC_OPTIMIZATION_LEVEL = 0;
				GCC_PREPROCESSOR_DEFINITIONS = (
					"DEBUG=1",
					"$(inherited)",
				);
				GCC_WARN_64_TO_32_BIT_CONVERSION = YES;
				GCC_WARN_ABOUT_RETURN_TYPE = YES_ERROR;
				GCC_WARN_UNDECLARED_SELECTOR = YES;
				GCC_WARN_UNINITIALIZED_AUTOS = YES_AGGRESSIVE;
				GCC_WARN_UNUSED_FUNCTION = YES;
				GCC_WARN_UNUSED_VARIABLE = YES;
				IPHONEOS_DEPLOYMENT_TARGET = 13.4;
				MTL_ENABLE_DEBUG_INFO = INCLUDE_SOURCE;
				MTL_FAST_MATH = YES;
				ONLY_ACTIVE_ARCH = YES;
				SDKROOT = iphoneos;
				SWIFT_ACTIVE_COMPILATION_CONDITIONS = DEBUG;
				SWIFT_OPTIMIZATION_LEVEL = "-Onone";
			};
			name = Debug;
		};
		734A6B4B243A5F7600765F08 /* Release */ = {
			isa = XCBuildConfiguration;
			buildSettings = {
				ALWAYS_SEARCH_USER_PATHS = NO;
				CLANG_ANALYZER_NONNULL = YES;
				CLANG_ANALYZER_NUMBER_OBJECT_CONVERSION = YES_AGGRESSIVE;
				CLANG_CXX_LANGUAGE_STANDARD = "gnu++14";
				CLANG_CXX_LIBRARY = "libc++";
				CLANG_ENABLE_MODULES = YES;
				CLANG_ENABLE_OBJC_ARC = YES;
				CLANG_ENABLE_OBJC_WEAK = YES;
				CLANG_WARN_BLOCK_CAPTURE_AUTORELEASING = YES;
				CLANG_WARN_BOOL_CONVERSION = YES;
				CLANG_WARN_COMMA = YES;
				CLANG_WARN_CONSTANT_CONVERSION = YES;
				CLANG_WARN_DEPRECATED_OBJC_IMPLEMENTATIONS = YES;
				CLANG_WARN_DIRECT_OBJC_ISA_USAGE = YES_ERROR;
				CLANG_WARN_DOCUMENTATION_COMMENTS = YES;
				CLANG_WARN_EMPTY_BODY = YES;
				CLANG_WARN_ENUM_CONVERSION = YES;
				CLANG_WARN_INFINITE_RECURSION = YES;
				CLANG_WARN_INT_CONVERSION = YES;
				CLANG_WARN_NON_LITERAL_NULL_CONVERSION = YES;
				CLANG_WARN_OBJC_IMPLICIT_RETAIN_SELF = YES;
				CLANG_WARN_OBJC_LITERAL_CONVERSION = YES;
				CLANG_WARN_OBJC_ROOT_CLASS = YES_ERROR;
				CLANG_WARN_RANGE_LOOP_ANALYSIS = YES;
				CLANG_WARN_STRICT_PROTOTYPES = YES;
				CLANG_WARN_SUSPICIOUS_MOVE = YES;
				CLANG_WARN_UNGUARDED_AVAILABILITY = YES_AGGRESSIVE;
				CLANG_WARN_UNREACHABLE_CODE = YES;
				CLANG_WARN__DUPLICATE_METHOD_MATCH = YES;
				COPY_PHASE_STRIP = NO;
				DEBUG_INFORMATION_FORMAT = "dwarf-with-dsym";
				ENABLE_NS_ASSERTIONS = NO;
				ENABLE_STRICT_OBJC_MSGSEND = YES;
				GCC_C_LANGUAGE_STANDARD = gnu11;
				GCC_NO_COMMON_BLOCKS = YES;
				GCC_WARN_64_TO_32_BIT_CONVERSION = YES;
				GCC_WARN_ABOUT_RETURN_TYPE = YES_ERROR;
				GCC_WARN_UNDECLARED_SELECTOR = YES;
				GCC_WARN_UNINITIALIZED_AUTOS = YES_AGGRESSIVE;
				GCC_WARN_UNUSED_FUNCTION = YES;
				GCC_WARN_UNUSED_VARIABLE = YES;
				IPHONEOS_DEPLOYMENT_TARGET = 13.4;
				MTL_ENABLE_DEBUG_INFO = NO;
				MTL_FAST_MATH = YES;
				SDKROOT = iphoneos;
				SWIFT_COMPILATION_MODE = wholemodule;
				SWIFT_OPTIMIZATION_LEVEL = "-O";
				VALIDATE_PRODUCT = YES;
			};
			name = Release;
		};
		734A6B4D243A5F7600765F08 /* Debug */ = {
			isa = XCBuildConfiguration;
			buildSettings = {
				ASSETCATALOG_COMPILER_APPICON_NAME = AppIcon;
				CODE_SIGN_STYLE = Automatic;
				INFOPLIST_FILE = JobA/Info.plist;
				IPHONEOS_DEPLOYMENT_TARGET = 12.0;
				LD_RUNPATH_SEARCH_PATHS = (
					"$(inherited)",
					"@executable_path/Frameworks",
				);
				PRODUCT_BUNDLE_IDENTIFIER = org.sl.user.JobA;
				PRODUCT_NAME = "$(TARGET_NAME)";
				SWIFT_VERSION = 5.0;
				TARGETED_DEVICE_FAMILY = "1,2";
			};
			name = Debug;
		};
		734A6B4E243A5F7600765F08 /* Release */ = {
			isa = XCBuildConfiguration;
			buildSettings = {
				ASSETCATALOG_COMPILER_APPICON_NAME = AppIcon;
				CODE_SIGN_STYLE = Automatic;
				INFOPLIST_FILE = JobA/Info.plist;
				IPHONEOS_DEPLOYMENT_TARGET = 12.0;
				LD_RUNPATH_SEARCH_PATHS = (
					"$(inherited)",
					"@executable_path/Frameworks",
				);
				PRODUCT_BUNDLE_IDENTIFIER = org.sl.user.JobA;
				PRODUCT_NAME = "$(TARGET_NAME)";
				SWIFT_VERSION = 5.0;
				TARGETED_DEVICE_FAMILY = "1,2";
			};
			name = Release;
		};
		734A6B50243A5F7600765F08 /* Debug */ = {
			isa = XCBuildConfiguration;
			buildSettings = {
				ALWAYS_EMBED_SWIFT_STANDARD_LIBRARIES = YES;
				BUNDLE_LOADER = "$(TEST_HOST)";
				CODE_SIGN_STYLE = Automatic;
				INFOPLIST_FILE = JobATests/Info.plist;
				IPHONEOS_DEPLOYMENT_TARGET = 13.4;
				LD_RUNPATH_SEARCH_PATHS = (
					"$(inherited)",
					"@executable_path/Frameworks",
					"@loader_path/Frameworks",
				);
				PRODUCT_BUNDLE_IDENTIFIER = org.sl.user.JobATests;
				PRODUCT_NAME = "$(TARGET_NAME)";
				SWIFT_VERSION = 5.0;
				TARGETED_DEVICE_FAMILY = "1,2";
				TEST_HOST = "$(BUILT_PRODUCTS_DIR)/JobA.app/JobA";
			};
			name = Debug;
		};
		734A6B51243A5F7600765F08 /* Release */ = {
			isa = XCBuildConfiguration;
			buildSettings = {
				ALWAYS_EMBED_SWIFT_STANDARD_LIBRARIES = YES;
				BUNDLE_LOADER = "$(TEST_HOST)";
				CODE_SIGN_STYLE = Automatic;
				INFOPLIST_FILE = JobATests/Info.plist;
				IPHONEOS_DEPLOYMENT_TARGET = 13.4;
				LD_RUNPATH_SEARCH_PATHS = (
					"$(inherited)",
					"@executable_path/Frameworks",
					"@loader_path/Frameworks",
				);
				PRODUCT_BUNDLE_IDENTIFIER = org.sl.user.JobATests;
				PRODUCT_NAME = "$(TARGET_NAME)";
				SWIFT_VERSION = 5.0;
				TARGETED_DEVICE_FAMILY = "1,2";
				TEST_HOST = "$(BUILT_PRODUCTS_DIR)/JobA.app/JobA";
			};
			name = Release;
		};
/* End XCBuildConfiguration section */

/* Begin XCConfigurationList section */
		734A6B28243A5F7500765F08 /* Build configuration list for PBXProject "JobA" */ = {
			isa = XCConfigurationList;
			buildConfigurations = (
				734A6B4A243A5F7600765F08 /* Debug */,
				734A6B4B243A5F7600765F08 /* Release */,
			);
			defaultConfigurationIsVisible = 0;
			defaultConfigurationName = Release;
		};
		734A6B4C243A5F7600765F08 /* Build configuration list for PBXNativeTarget "JobA" */ = {
			isa = XCConfigurationList;
			buildConfigurations = (
				734A6B4D243A5F7600765F08 /* Debug */,
				734A6B4E243A5F7600765F08 /* Release */,
			);
			defaultConfigurationIsVisible = 0;
			defaultConfigurationName = Release;
		};
		734A6B4F243A5F7600765F08 /* Build configuration list for PBXNativeTarget "JobATests" */ = {
			isa = XCConfigurationList;
			buildConfigurations = (
				734A6B50243A5F7600765F08 /* Debug */,
				734A6B51243A5F7600765F08 /* Release */,
			);
			defaultConfigurationIsVisible = 0;
			defaultConfigurationName = Release;
		};
/* End XCConfigurationList section */
	};
	rootObject = 734A6B25243A5F7500765F08 /* Project object */;
}
